
Microsoft Visual Studio Solution File, Format Version 12.00
# Visual Studio 2012
Project("{FAE04EC0-301F-11D3-BF4B-00C04F79EFBC}") = "RULibraryLite", "RULibraryLite\RULibraryLite.csproj", "{51ED0AB7-7AEF-49A5-A261-F87F7EF475E8}"
EndProject
Global
	GlobalSection(SolutionConfigurationPlatforms) = preSolution
		Debug|iPhoneSimulator = Debug|iPhoneSimulator
		Release|iPhone = Release|iPhone
		Release|iPhoneSimulator = Release|iPhoneSimulator
		Debug|iPhone = Debug|iPhone
	EndGlobalSection
	GlobalSection(ProjectConfigurationPlatforms) = postSolution
		{51ED0AB7-7AEF-49A5-A261-F87F7EF475E8}.Debug|iPhoneSimulator.ActiveCfg = Debug|iPhoneSimulator
		{51ED0AB7-7AEF-49A5-A261-F87F7EF475E8}.Debug|iPhoneSimulator.Build.0 = Debug|iPhoneSimulator
		{51ED0AB7-7AEF-49A5-A261-F87F7EF475E8}.Release|iPhone.ActiveCfg = Release|iPhone
		{51ED0AB7-7AEF-49A5-A261-F87F7EF475E8}.Release|iPhone.Build.0 = Release|iPhone
		{51ED0AB7-7AEF-49A5-A261-F87F7EF475E8}.Release|iPhoneSimulator.ActiveCfg = Release|iPhoneSimulator
		{51ED0AB7-7AEF-49A5-A261-F87F7EF475E8}.Release|iPhoneSimulator.Build.0 = Release|iPhoneSimulator
		{51ED0AB7-7AEF-49A5-A261-F87F7EF475E8}.Debug|iPhone.ActiveCfg = Debug|iPhone
		{51ED0AB7-7AEF-49A5-A261-F87F7EF475E8}.Debug|iPhone.Build.0 = Debug|iPhone
	EndGlobalSection
EndGlobal
